
Microsoft Visual Studio Solution File, Format Version 12.00
# Visual Studio Version 16
VisualStudioVersion = 16.0.31624.102
MinimumVisualStudioVersion = 10.0.40219.1
Project("{FAE04EC0-301F-11D3-BF4B-00C04F79EFBC}") = "graphs", "graphs\graphs.csproj", "{53A5672D-1838-4954-A54F-7BF58D115AE3}"
EndProject
Global
	GlobalSection(SolutionConfigurationPlatforms) = preSolution
		Debug|Any CPU = Debug|Any CPU
		Release|Any CPU = Release|Any CPU
	EndGlobalSection
	GlobalSection(ProjectConfigurationPlatforms) = postSolution
		{53A5672D-1838-4954-A54F-7BF58D115AE3}.Debug|Any CPU.ActiveCfg = Debug|Any CPU
		{53A5672D-1838-4954-A54F-7BF58D115AE3}.Debug|Any CPU.Build.0 = Debug|Any CPU
		{53A5672D-1838-4954-A54F-7BF58D115AE3}.Release|Any CPU.ActiveCfg = Release|Any CPU
		{53A5672D-1838-4954-A54F-7BF58D115AE3}.Release|Any CPU.Build.0 = Release|Any CPU
	EndGlobalSection
	GlobalSection(SolutionProperties) = preSolution
		HideSolutionNode = FALSE
	EndGlobalSection
	GlobalSection(ExtensibilityGlobals) = postSolution
		SolutionGuid = {C8291897-D04C-4678-99EF-0DAF58DE8AD3}
	EndGlobalSection
EndGlobal
